
Microsoft Visual Studio Solution File, Format Version 12.00
# Visual Studio 15
VisualStudioVersion = 15.0.28010.2036
MinimumVisualStudioVersion = 10.0.40219.1
Project("{2150E333-8FDC-42A3-9474-1A3956D46DE8}") = "ASPNET", "ASPNET", "{199B4525-3106-42DC-A572-23B0DD6968F7}"
EndProject
Project("{9A19103F-16F7-4668-BE54-9A1E7A4F7556}") = "Curso.WebApplication", "Curso.WebApplication\Curso.WebApplication.csproj", "{FBDE2AD6-4C1E-46D5-BD55-88E6F84284C7}"
EndProject
Project("{2150E333-8FDC-42A3-9474-1A3956D46DE8}") = "WebApi", "WebApi", "{9F66F48C-0CDB-4F7A-B767-B0E4BC632E42}"
EndProject
Project("{9A19103F-16F7-4668-BE54-9A1E7A4F7556}") = "Curso.WebApi", "Curso.WebApi\Curso.WebApi.csproj", "{A8A24B67-5835-4B77-B67B-0739402C70C9}"
EndProject
Project("{9A19103F-16F7-4668-BE54-9A1E7A4F7556}") = "EFCore", "EFCore\EFCore.csproj", "{F035C27C-2A4E-475C-B8BD-71D32D2D2903}"
EndProject
Project("{9A19103F-16F7-4668-BE54-9A1E7A4F7556}") = "Seguranca", "Seguranca\Seguranca.csproj", "{DD1456AF-FEE1-4EBA-8393-BF45C2A1BA5D}"
EndProject
Project("{2150E333-8FDC-42A3-9474-1A3956D46DE8}") = "Console", "Console", "{B60F56FD-52F9-40BB-94C8-6BC98E939CCF}"
EndProject
Project("{9A19103F-16F7-4668-BE54-9A1E7A4F7556}") = "ConsoleApp", "ConsoleApp\ConsoleApp.csproj", "{6C73D0D6-5AA0-45A9-AC22-36DE0768FCFA}"
EndProject
Project("{9A19103F-16F7-4668-BE54-9A1E7A4F7556}") = "Curso.WebApiSecurity", "Curso.WebApiSecurity\Curso.WebApiSecurity.csproj", "{0094B5F9-A19F-4ED5-9799-FF6C5098A0E7}"
EndProject
Project("{2150E333-8FDC-42A3-9474-1A3956D46DE8}") = "00 - Camadas", "00 - Camadas", "{4C11E3CF-C3ED-4B62-9999-004F59E65037}"
EndProject
Project("{2150E333-8FDC-42A3-9474-1A3956D46DE8}") = "01- Apresentacao", "01- Apresentacao", "{D2B8BF68-A1DB-47CA-A8F2-DE75410F054C}"
EndProject
Project("{2150E333-8FDC-42A3-9474-1A3956D46DE8}") = "02- Servicos", "02- Servicos", "{D4A69957-E2D0-46B4-BC0A-E142954DE4FC}"
EndProject
Project("{2150E333-8FDC-42A3-9474-1A3956D46DE8}") = "03- Aplicacao", "03- Aplicacao", "{362C6AB2-BA23-4C64-A59F-F6CD4FC2C433}"
EndProject
Project("{2150E333-8FDC-42A3-9474-1A3956D46DE8}") = "04- Domain", "04- Domain", "{2E29C62C-4660-45DC-B31A-A7DCCB43A9DA}"
EndProject
Project("{2150E333-8FDC-42A3-9474-1A3956D46DE8}") = "05- Infra", "05- Infra", "{685A8A47-FB38-40CE-B7EA-D39E91E029E0}"
EndProject
Project("{2150E333-8FDC-42A3-9474-1A3956D46DE8}") = "06- Testes", "06- Testes", "{C6BE3835-06CF-4719-82BC-D663302CDA5F}"
EndProject
Project("{2150E333-8FDC-42A3-9474-1A3956D46DE8}") = "5.1 - Data", "5.1 - Data", "{06485991-03B4-4573-BE3A-DB7FFC68A439}"
EndProject
Project("{2150E333-8FDC-42A3-9474-1A3956D46DE8}") = "5.2- CrossCutting", "5.2- CrossCutting", "{07FDF514-49E6-4B50-88ED-F27D97EC57D3}"
EndProject
Project("{9A19103F-16F7-4668-BE54-9A1E7A4F7556}") = "Curso.Domain", "src\04- Domain\Curso.Domain\Curso.Domain.csproj", "{1F9D6D80-7A60-4E60-90B7-4A2692B893A2}"
EndProject
Project("{9A19103F-16F7-4668-BE54-9A1E7A4F7556}") = "Curso.Testes", "Curso.Testes\Curso.Testes.csproj", "{85EA211D-4927-418E-8F68-256111F8EBCA}"
EndProject
Project("{FAE04EC0-301F-11D3-BF4B-00C04F79EFBC}") = "Curso.Infra.Data", "src\05- Infra\5.1- Data\Curso.Infra.Data\Curso.Infra.Data.csproj", "{81E68E73-DA4F-41F3-B088-18CB93B6BCF0}"
EndProject
Project("{FAE04EC0-301F-11D3-BF4B-00C04F79EFBC}") = "Curso.Data.IoC", "Curso.Data.IoC\Curso.Data.IoC.csproj", "{52C50C59-F19B-418E-A57F-3D57A206BEFA}"
EndProject
Project("{FAE04EC0-301F-11D3-BF4B-00C04F79EFBC}") = "Curso.Application", "src\03- Aplicacao\Curso.Application\Curso.Application.csproj", "{EF06D24F-18D8-4884-BF88-0F53B368B3D5}"
EndProject
Global
	GlobalSection(SolutionConfigurationPlatforms) = preSolution
		Debug|Any CPU = Debug|Any CPU
		Release|Any CPU = Release|Any CPU
	EndGlobalSection
	GlobalSection(ProjectConfigurationPlatforms) = postSolution
		{FBDE2AD6-4C1E-46D5-BD55-88E6F84284C7}.Debug|Any CPU.ActiveCfg = Debug|Any CPU
		{FBDE2AD6-4C1E-46D5-BD55-88E6F84284C7}.Debug|Any CPU.Build.0 = Debug|Any CPU
		{FBDE2AD6-4C1E-46D5-BD55-88E6F84284C7}.Release|Any CPU.ActiveCfg = Release|Any CPU
		{FBDE2AD6-4C1E-46D5-BD55-88E6F84284C7}.Release|Any CPU.Build.0 = Release|Any CPU
		{A8A24B67-5835-4B77-B67B-0739402C70C9}.Debug|Any CPU.ActiveCfg = Debug|Any CPU
		{A8A24B67-5835-4B77-B67B-0739402C70C9}.Debug|Any CPU.Build.0 = Debug|Any CPU
		{A8A24B67-5835-4B77-B67B-0739402C70C9}.Release|Any CPU.ActiveCfg = Release|Any CPU
		{A8A24B67-5835-4B77-B67B-0739402C70C9}.Release|Any CPU.Build.0 = Release|Any CPU
		{F035C27C-2A4E-475C-B8BD-71D32D2D2903}.Debug|Any CPU.ActiveCfg = Debug|Any CPU
		{F035C27C-2A4E-475C-B8BD-71D32D2D2903}.Debug|Any CPU.Build.0 = Debug|Any CPU
		{F035C27C-2A4E-475C-B8BD-71D32D2D2903}.Release|Any CPU.ActiveCfg = Release|Any CPU
		{F035C27C-2A4E-475C-B8BD-71D32D2D2903}.Release|Any CPU.Build.0 = Release|Any CPU
		{DD1456AF-FEE1-4EBA-8393-BF45C2A1BA5D}.Debug|Any CPU.ActiveCfg = Debug|Any CPU
		{DD1456AF-FEE1-4EBA-8393-BF45C2A1BA5D}.Debug|Any CPU.Build.0 = Debug|Any CPU
		{DD1456AF-FEE1-4EBA-8393-BF45C2A1BA5D}.Release|Any CPU.ActiveCfg = Release|Any CPU
		{DD1456AF-FEE1-4EBA-8393-BF45C2A1BA5D}.Release|Any CPU.Build.0 = Release|Any CPU
		{6C73D0D6-5AA0-45A9-AC22-36DE0768FCFA}.Debug|Any CPU.ActiveCfg = Debug|Any CPU
		{6C73D0D6-5AA0-45A9-AC22-36DE0768FCFA}.Debug|Any CPU.Build.0 = Debug|Any CPU
		{6C73D0D6-5AA0-45A9-AC22-36DE0768FCFA}.Release|Any CPU.ActiveCfg = Release|Any CPU
		{6C73D0D6-5AA0-45A9-AC22-36DE0768FCFA}.Release|Any CPU.Build.0 = Release|Any CPU
		{0094B5F9-A19F-4ED5-9799-FF6C5098A0E7}.Debug|Any CPU.ActiveCfg = Debug|Any CPU
		{0094B5F9-A19F-4ED5-9799-FF6C5098A0E7}.Debug|Any CPU.Build.0 = Debug|Any CPU
		{0094B5F9-A19F-4ED5-9799-FF6C5098A0E7}.Release|Any CPU.ActiveCfg = Release|Any CPU
		{0094B5F9-A19F-4ED5-9799-FF6C5098A0E7}.Release|Any CPU.Build.0 = Release|Any CPU
		{1F9D6D80-7A60-4E60-90B7-4A2692B893A2}.Debug|Any CPU.ActiveCfg = Debug|Any CPU
		{1F9D6D80-7A60-4E60-90B7-4A2692B893A2}.Debug|Any CPU.Build.0 = Debug|Any CPU
		{1F9D6D80-7A60-4E60-90B7-4A2692B893A2}.Release|Any CPU.ActiveCfg = Release|Any CPU
		{1F9D6D80-7A60-4E60-90B7-4A2692B893A2}.Release|Any CPU.Build.0 = Release|Any CPU
		{85EA211D-4927-418E-8F68-256111F8EBCA}.Debug|Any CPU.ActiveCfg = Debug|Any CPU
		{85EA211D-4927-418E-8F68-256111F8EBCA}.Debug|Any CPU.Build.0 = Debug|Any CPU
		{85EA211D-4927-418E-8F68-256111F8EBCA}.Release|Any CPU.ActiveCfg = Release|Any CPU
		{85EA211D-4927-418E-8F68-256111F8EBCA}.Release|Any CPU.Build.0 = Release|Any CPU
		{81E68E73-DA4F-41F3-B088-18CB93B6BCF0}.Debug|Any CPU.ActiveCfg = Debug|Any CPU
		{81E68E73-DA4F-41F3-B088-18CB93B6BCF0}.Debug|Any CPU.Build.0 = Debug|Any CPU
		{81E68E73-DA4F-41F3-B088-18CB93B6BCF0}.Release|Any CPU.ActiveCfg = Release|Any CPU
		{81E68E73-DA4F-41F3-B088-18CB93B6BCF0}.Release|Any CPU.Build.0 = Release|Any CPU
		{52C50C59-F19B-418E-A57F-3D57A206BEFA}.Debug|Any CPU.ActiveCfg = Debug|Any CPU
		{52C50C59-F19B-418E-A57F-3D57A206BEFA}.Debug|Any CPU.Build.0 = Debug|Any CPU
		{52C50C59-F19B-418E-A57F-3D57A206BEFA}.Release|Any CPU.ActiveCfg = Release|Any CPU
		{52C50C59-F19B-418E-A57F-3D57A206BEFA}.Release|Any CPU.Build.0 = Release|Any CPU
		{EF06D24F-18D8-4884-BF88-0F53B368B3D5}.Debug|Any CPU.ActiveCfg = Debug|Any CPU
		{EF06D24F-18D8-4884-BF88-0F53B368B3D5}.Debug|Any CPU.Build.0 = Debug|Any CPU
		{EF06D24F-18D8-4884-BF88-0F53B368B3D5}.Release|Any CPU.ActiveCfg = Release|Any CPU
		{EF06D24F-18D8-4884-BF88-0F53B368B3D5}.Release|Any CPU.Build.0 = Release|Any CPU
	EndGlobalSection
	GlobalSection(SolutionProperties) = preSolution
		HideSolutionNode = FALSE
	EndGlobalSection
	GlobalSection(NestedProjects) = preSolution
		{FBDE2AD6-4C1E-46D5-BD55-88E6F84284C7} = {199B4525-3106-42DC-A572-23B0DD6968F7}
		{A8A24B67-5835-4B77-B67B-0739402C70C9} = {9F66F48C-0CDB-4F7A-B767-B0E4BC632E42}
		{F035C27C-2A4E-475C-B8BD-71D32D2D2903} = {199B4525-3106-42DC-A572-23B0DD6968F7}
		{DD1456AF-FEE1-4EBA-8393-BF45C2A1BA5D} = {199B4525-3106-42DC-A572-23B0DD6968F7}
		{6C73D0D6-5AA0-45A9-AC22-36DE0768FCFA} = {B60F56FD-52F9-40BB-94C8-6BC98E939CCF}
		{0094B5F9-A19F-4ED5-9799-FF6C5098A0E7} = {9F66F48C-0CDB-4F7A-B767-B0E4BC632E42}
		{D2B8BF68-A1DB-47CA-A8F2-DE75410F054C} = {4C11E3CF-C3ED-4B62-9999-004F59E65037}
		{D4A69957-E2D0-46B4-BC0A-E142954DE4FC} = {4C11E3CF-C3ED-4B62-9999-004F59E65037}
		{362C6AB2-BA23-4C64-A59F-F6CD4FC2C433} = {4C11E3CF-C3ED-4B62-9999-004F59E65037}
		{2E29C62C-4660-45DC-B31A-A7DCCB43A9DA} = {4C11E3CF-C3ED-4B62-9999-004F59E65037}
		{685A8A47-FB38-40CE-B7EA-D39E91E029E0} = {4C11E3CF-C3ED-4B62-9999-004F59E65037}
		{C6BE3835-06CF-4719-82BC-D663302CDA5F} = {4C11E3CF-C3ED-4B62-9999-004F59E65037}
		{06485991-03B4-4573-BE3A-DB7FFC68A439} = {685A8A47-FB38-40CE-B7EA-D39E91E029E0}
		{07FDF514-49E6-4B50-88ED-F27D97EC57D3} = {685A8A47-FB38-40CE-B7EA-D39E91E029E0}
		{1F9D6D80-7A60-4E60-90B7-4A2692B893A2} = {2E29C62C-4660-45DC-B31A-A7DCCB43A9DA}
		{85EA211D-4927-418E-8F68-256111F8EBCA} = {C6BE3835-06CF-4719-82BC-D663302CDA5F}
		{81E68E73-DA4F-41F3-B088-18CB93B6BCF0} = {06485991-03B4-4573-BE3A-DB7FFC68A439}
		{52C50C59-F19B-418E-A57F-3D57A206BEFA} = {07FDF514-49E6-4B50-88ED-F27D97EC57D3}
		{EF06D24F-18D8-4884-BF88-0F53B368B3D5} = {362C6AB2-BA23-4C64-A59F-F6CD4FC2C433}
	EndGlobalSection
	GlobalSection(ExtensibilityGlobals) = postSolution
		SolutionGuid = {65A16D07-BD5A-44E0-89B5-74E9962DF5F0}
	EndGlobalSection
EndGlobal
